// !$*UTF8*$!
{
	archiveVersion = 1;
	classes = {
	};
	objectVersion = 55;
	objects = {

/* Begin PBXBuildFile section */
		AC46096627F461A10039F60F /* StartButtonView.swift in Sources */ = {isa = PBXBuildFile; fileRef = AC46096527F461A10039F60F /* StartButtonView.swift */; };
		AC46096827F52D320039F60F /* OnboardingView.swift in Sources */ = {isa = PBXBuildFile; fileRef = AC46096727F52D320039F60F /* OnboardingView.swift */; };
		AC46096B27F532B10039F60F /* FruitModel.swift in Sources */ = {isa = PBXBuildFile; fileRef = AC46096A27F532B10039F60F /* FruitModel.swift */; };
		AC46096E27F533BC0039F60F /* FruitData.swift in Sources */ = {isa = PBXBuildFile; fileRef = AC46096D27F533BC0039F60F /* FruitData.swift */; };
		AC46097027F5C02B0039F60F /* FruitRowView.swift in Sources */ = {isa = PBXBuildFile; fileRef = AC46096F27F5C02B0039F60F /* FruitRowView.swift */; };
		AC46097227F74B4E0039F60F /* FruitDetailView.swift in Sources */ = {isa = PBXBuildFile; fileRef = AC46097127F74B4E0039F60F /* FruitDetailView.swift */; };
		AC46097427F74FE50039F60F /* FruitHeaderView.swift in Sources */ = {isa = PBXBuildFile; fileRef = AC46097327F74FE50039F60F /* FruitHeaderView.swift */; };
		AC46097627F752D20039F60F /* SourceLinkView.swift in Sources */ = {isa = PBXBuildFile; fileRef = AC46097527F752D20039F60F /* SourceLinkView.swift */; };
		AC46097827F853280039F60F /* FruitNutrientsView.swift in Sources */ = {isa = PBXBuildFile; fileRef = AC46097727F853280039F60F /* FruitNutrientsView.swift */; };
		AC46097A27FAD0C50039F60F /* SettingsView.swift in Sources */ = {isa = PBXBuildFile; fileRef = AC46097927FAD0C50039F60F /* SettingsView.swift */; };
		AC46097C27FADB860039F60F /* SettingsLabelView.swift in Sources */ = {isa = PBXBuildFile; fileRef = AC46097B27FADB860039F60F /* SettingsLabelView.swift */; };
		AC892A2D27F45221009BEB3E /* FructusApp.swift in Sources */ = {isa = PBXBuildFile; fileRef = AC892A2C27F45221009BEB3E /* FructusApp.swift */; };
		AC892A2F27F45221009BEB3E /* ContentView.swift in Sources */ = {isa = PBXBuildFile; fileRef = AC892A2E27F45221009BEB3E /* ContentView.swift */; };
		AC892A3127F45223009BEB3E /* Assets.xcassets in Resources */ = {isa = PBXBuildFile; fileRef = AC892A3027F45223009BEB3E /* Assets.xcassets */; };
		AC892A3427F45223009BEB3E /* Preview Assets.xcassets in Resources */ = {isa = PBXBuildFile; fileRef = AC892A3327F45223009BEB3E /* Preview Assets.xcassets */; };
		AC892A3D27F458D0009BEB3E /* FruitCardView.swift in Sources */ = {isa = PBXBuildFile; fileRef = AC892A3C27F458D0009BEB3E /* FruitCardView.swift */; };
/* End PBXBuildFile section */

/* Begin PBXFileReference section */
		AC46096527F461A10039F60F /* StartButtonView.swift */ = {isa = PBXFileReference; lastKnownFileType = sourcecode.swift; path = StartButtonView.swift; sourceTree = "<group>"; };
		AC46096727F52D320039F60F /* OnboardingView.swift */ = {isa = PBXFileReference; lastKnownFileType = sourcecode.swift; path = OnboardingView.swift; sourceTree = "<group>"; };
		AC46096A27F532B10039F60F /* FruitModel.swift */ = {isa = PBXFileReference; lastKnownFileType = sourcecode.swift; path = FruitModel.swift; sourceTree = "<group>"; };
		AC46096D27F533BC0039F60F /* FruitData.swift */ = {isa = PBXFileReference; lastKnownFileType = sourcecode.swift; path = FruitData.swift; sourceTree = "<group>"; };
		AC46096F27F5C02B0039F60F /* FruitRowView.swift */ = {isa = PBXFileReference; lastKnownFileType = sourcecode.swift; path = FruitRowView.swift; sourceTree = "<group>"; };
		AC46097127F74B4E0039F60F /* FruitDetailView.swift */ = {isa = PBXFileReference; lastKnownFileType = sourcecode.swift; path = FruitDetailView.swift; sourceTree = "<group>"; };
		AC46097327F74FE50039F60F /* FruitHeaderView.swift */ = {isa = PBXFileReference; lastKnownFileType = sourcecode.swift; path = FruitHeaderView.swift; sourceTree = "<group>"; };
		AC46097527F752D20039F60F /* SourceLinkView.swift */ = {isa = PBXFileReference; lastKnownFileType = sourcecode.swift; path = SourceLinkView.swift; sourceTree = "<group>"; };
		AC46097727F853280039F60F /* FruitNutrientsView.swift */ = {isa = PBXFileReference; lastKnownFileType = sourcecode.swift; path = FruitNutrientsView.swift; sourceTree = "<group>"; };
		AC46097927FAD0C50039F60F /* SettingsView.swift */ = {isa = PBXFileReference; lastKnownFileType = sourcecode.swift; path = SettingsView.swift; sourceTree = "<group>"; };
		AC46097B27FADB860039F60F /* SettingsLabelView.swift */ = {isa = PBXFileReference; lastKnownFileType = sourcecode.swift; path = SettingsLabelView.swift; sourceTree = "<group>"; };
		AC892A2927F45221009BEB3E /* Fructus.app */ = {isa = PBXFileReference; explicitFileType = wrapper.application; includeInIndex = 0; path = Fructus.app; sourceTree = BUILT_PRODUCTS_DIR; };
		AC892A2C27F45221009BEB3E /* FructusApp.swift */ = {isa = PBXFileReference; lastKnownFileType = sourcecode.swift; path = FructusApp.swift; sourceTree = "<group>"; };
		AC892A2E27F45221009BEB3E /* ContentView.swift */ = {isa = PBXFileReference; lastKnownFileType = sourcecode.swift; path = ContentView.swift; sourceTree = "<group>"; };
		AC892A3027F45223009BEB3E /* Assets.xcassets */ = {isa = PBXFileReference; lastKnownFileType = folder.assetcatalog; path = Assets.xcassets; sourceTree = "<group>"; };
		AC892A3327F45223009BEB3E /* Preview Assets.xcassets */ = {isa = PBXFileReference; lastKnownFileType = folder.assetcatalog; path = "Preview Assets.xcassets"; sourceTree = "<group>"; };
		AC892A3C27F458D0009BEB3E /* FruitCardView.swift */ = {isa = PBXFileReference; lastKnownFileType = sourcecode.swift; path = FruitCardView.swift; sourceTree = "<group>"; };
/* End PBXFileReference section */

/* Begin PBXFrameworksBuildPhase section */
		AC892A2627F45221009BEB3E /* Frameworks */ = {
			isa = PBXFrameworksBuildPhase;
			buildActionMask = 2147483647;
			files = (
			);
			runOnlyForDeploymentPostprocessing = 0;
		};
/* End PBXFrameworksBuildPhase section */

/* Begin PBXGroup section */
		AC46096927F5329A0039F60F /* Model */ = {
			isa = PBXGroup;
			children = (
				AC46096A27F532B10039F60F /* FruitModel.swift */,
			);
			path = Model;
			sourceTree = "<group>";
		};
		AC46096C27F533A70039F60F /* Data */ = {
			isa = PBXGroup;
			children = (
				AC46096D27F533BC0039F60F /* FruitData.swift */,
			);
			path = Data;
			sourceTree = "<group>";
		};
		AC892A2027F45221009BEB3E = {
			isa = PBXGroup;
			children = (
				AC892A2B27F45221009BEB3E /* Fructus */,
				AC892A2A27F45221009BEB3E /* Products */,
			);
			sourceTree = "<group>";
		};
		AC892A2A27F45221009BEB3E /* Products */ = {
			isa = PBXGroup;
			children = (
				AC892A2927F45221009BEB3E /* Fructus.app */,
			);
			name = Products;
			sourceTree = "<group>";
		};
		AC892A2B27F45221009BEB3E /* Fructus */ = {
			isa = PBXGroup;
			children = (
				AC46096C27F533A70039F60F /* Data */,
				AC46096927F5329A0039F60F /* Model */,
				AC892A3B27F458A6009BEB3E /* View */,
				AC892A3A27F45866009BEB3E /* App */,
				AC892A3027F45223009BEB3E /* Assets.xcassets */,
				AC892A3227F45223009BEB3E /* Preview Content */,
			);
			path = Fructus;
			sourceTree = "<group>";
		};
		AC892A3227F45223009BEB3E /* Preview Content */ = {
			isa = PBXGroup;
			children = (
				AC892A3327F45223009BEB3E /* Preview Assets.xcassets */,
			);
			path = "Preview Content";
			sourceTree = "<group>";
		};
		AC892A3A27F45866009BEB3E /* App */ = {
			isa = PBXGroup;
			children = (
				AC892A2C27F45221009BEB3E /* FructusApp.swift */,
				AC892A2E27F45221009BEB3E /* ContentView.swift */,
				AC46096727F52D320039F60F /* OnboardingView.swift */,
				AC46097127F74B4E0039F60F /* FruitDetailView.swift */,
				AC46097927FAD0C50039F60F /* SettingsView.swift */,
			);
			path = App;
			sourceTree = "<group>";
		};
		AC892A3B27F458A6009BEB3E /* View */ = {
			isa = PBXGroup;
			children = (
				AC892A3C27F458D0009BEB3E /* FruitCardView.swift */,
				AC46096527F461A10039F60F /* StartButtonView.swift */,
				AC46096F27F5C02B0039F60F /* FruitRowView.swift */,
				AC46097327F74FE50039F60F /* FruitHeaderView.swift */,
				AC46097527F752D20039F60F /* SourceLinkView.swift */,
				AC46097727F853280039F60F /* FruitNutrientsView.swift */,
				AC46097B27FADB860039F60F /* SettingsLabelView.swift */,
			);
			path = View;
			sourceTree = "<group>";
		};
/* End PBXGroup section */

/* Begin PBXNativeTarget section */
		AC892A2827F45221009BEB3E /* Fructus */ = {
			isa = PBXNativeTarget;
			buildConfigurationList = AC892A3727F45223009BEB3E /* Build configuration list for PBXNativeTarget "Fructus" */;
			buildPhases = (
				AC892A2527F45221009BEB3E /* Sources */,
				AC892A2627F45221009BEB3E /* Frameworks */,
				AC892A2727F45221009BEB3E /* Resources */,
			);
			buildRules = (
			);
			dependencies = (
			);
			name = Fructus;
			productName = Fructus;
			productReference = AC892A2927F45221009BEB3E /* Fructus.app */;
			productType = "com.apple.product-type.application";
		};
/* End PBXNativeTarget section */

/* Begin PBXProject section */
		AC892A2127F45221009BEB3E /* Project object */ = {
			isa = PBXProject;
			attributes = {
				BuildIndependentTargetsInParallel = 1;
				LastSwiftUpdateCheck = 1330;
				LastUpgradeCheck = 1330;
				TargetAttributes = {
					AC892A2827F45221009BEB3E = {
						CreatedOnToolsVersion = 13.3;
					};
				};
			};
			buildConfigurationList = AC892A2427F45221009BEB3E /* Build configuration list for PBXProject "Fructus" */;
			compatibilityVersion = "Xcode 13.0";
			developmentRegion = en;
			hasScannedForEncodings = 0;
			knownRegions = (
				en,
				Base,
			);
			mainGroup = AC892A2027F45221009BEB3E;
			productRefGroup = AC892A2A27F45221009BEB3E /* Products */;
			projectDirPath = "";
			projectRoot = "";
			targets = (
				AC892A2827F45221009BEB3E /* Fructus */,
			);
		};
/* End PBXProject section */

/* Begin PBXResourcesBuildPhase section */
		AC892A2727F45221009BEB3E /* Resources */ = {
			isa = PBXResourcesBuildPhase;
			buildActionMask = 2147483647;
			files = (
				AC892A3427F45223009BEB3E /* Preview Assets.xcassets in Resources */,
				AC892A3127F45223009BEB3E /* Assets.xcassets in Resources */,
			);
			runOnlyForDeploymentPostprocessing = 0;
		};
/* End PBXResourcesBuildPhase section */

/* Begin PBXSourcesBuildPhase section */
		AC892A2527F45221009BEB3E /* Sources */ = {
			isa = PBXSourcesBuildPhase;
			buildActionMask = 2147483647;
			files = (
				AC46096E27F533BC0039F60F /* FruitData.swift in Sources */,
				AC46097627F752D20039F60F /* SourceLinkView.swift in Sources */,
				AC892A3D27F458D0009BEB3E /* FruitCardView.swift in Sources */,
				AC46097027F5C02B0039F60F /* FruitRowView.swift in Sources */,
				AC46097827F853280039F60F /* FruitNutrientsView.swift in Sources */,
				AC46096627F461A10039F60F /* StartButtonView.swift in Sources */,
				AC46097227F74B4E0039F60F /* FruitDetailView.swift in Sources */,
				AC892A2F27F45221009BEB3E /* ContentView.swift in Sources */,
				AC46097427F74FE50039F60F /* FruitHeaderView.swift in Sources */,
				AC46096827F52D320039F60F /* OnboardingView.swift in Sources */,
				AC46097C27FADB860039F60F /* SettingsLabelView.swift in Sources */,
				AC46096B27F532B10039F60F /* FruitModel.swift in Sources */,
				AC892A2D27F45221009BEB3E /* FructusApp.swift in Sources */,
				AC46097A27FAD0C50039F60F /* SettingsView.swift in Sources */,
			);
			runOnlyForDeploymentPostprocessing = 0;
		};
/* End PBXSourcesBuildPhase section */

/* Begin XCBuildConfiguration section */
		AC892A3527F45223009BEB3E /* Debug */ = {
			isa = XCBuildConfiguration;
			buildSettings = {
				ALWAYS_SEARCH_USER_PATHS = NO;
				CLANG_ANALYZER_NONNULL = YES;
				CLANG_ANALYZER_NUMBER_OBJECT_CONVERSION = YES_AGGRESSIVE;
				CLANG_CXX_LANGUAGE_STANDARD = "gnu++17";
				CLANG_ENABLE_MODULES = YES;
				CLANG_ENABLE_OBJC_ARC = YES;
				CLANG_ENABLE_OBJC_WEAK = YES;
				CLANG_WARN_BLOCK_CAPTURE_AUTORELEASING = YES;
				CLANG_WARN_BOOL_CONVERSION = YES;
				CLANG_WARN_COMMA = YES;
				CLANG_WARN_CONSTANT_CONVERSION = YES;
				CLANG_WARN_DEPRECATED_OBJC_IMPLEMENTATIONS = YES;
				CLANG_WARN_DIRECT_OBJC_ISA_USAGE = YES_ERROR;
				CLANG_WARN_DOCUMENTATION_COMMENTS = YES;
				CLANG_WARN_EMPTY_BODY = YES;
				CLANG_WARN_ENUM_CONVERSION = YES;
				CLANG_WARN_INFINITE_RECURSION = YES;
				CLANG_WARN_INT_CONVERSION = YES;
				CLANG_WARN_NON_LITERAL_NULL_CONVERSION = YES;
				CLANG_WARN_OBJC_IMPLICIT_RETAIN_SELF = YES;
				CLANG_WARN_OBJC_LITERAL_CONVERSION = YES;
				CLANG_WARN_OBJC_ROOT_CLASS = YES_ERROR;
				CLANG_WARN_QUOTED_INCLUDE_IN_FRAMEWORK_HEADER = YES;
				CLANG_WARN_RANGE_LOOP_ANALYSIS = YES;
				CLANG_WARN_STRICT_PROTOTYPES = YES;
				CLANG_WARN_SUSPICIOUS_MOVE = YES;
				CLANG_WARN_UNGUARDED_AVAILABILITY = YES_AGGRESSIVE;
				CLANG_WARN_UNREACHABLE_CODE = YES;
				CLANG_WARN__DUPLICATE_METHOD_MATCH = YES;
				COPY_PHASE_STRIP = NO;
				DEBUG_INFORMATION_FORMAT = dwarf;
				ENABLE_STRICT_OBJC_MSGSEND = YES;
				ENABLE_TESTABILITY = YES;
				GCC_C_LANGUAGE_STANDARD = gnu11;
				GCC_DYNAMIC_NO_PIC = NO;
				GCC_NO_COMMON_BLOCKS = YES;
				GCC_OPTIMIZATION_LEVEL = 0;
				GCC_PREPROCESSOR_DEFINITIONS = (
					"DEBUG=1",
					"$(inherited)",
				);
				GCC_WARN_64_TO_32_BIT_CONVERSION = YES;
				GCC_WARN_ABOUT_RETURN_TYPE = YES_ERROR;
				GCC_WARN_UNDECLARED_SELECTOR = YES;
				GCC_WARN_UNINITIALIZED_AUTOS = YES_AGGRESSIVE;
				GCC_WARN_UNUSED_FUNCTION = YES;
				GCC_WARN_UNUSED_VARIABLE = YES;
				IPHONEOS_DEPLOYMENT_TARGET = 15.4;
				MTL_ENABLE_DEBUG_INFO = INCLUDE_SOURCE;
				MTL_FAST_MATH = YES;
				ONLY_ACTIVE_ARCH = YES;
				SDKROOT = iphoneos;
				SWIFT_ACTIVE_COMPILATION_CONDITIONS = DEBUG;
				SWIFT_OPTIMIZATION_LEVEL = "-Onone";
			};
			name = Debug;
		};
		AC892A3627F45223009BEB3E /* Release */ = {
			isa = XCBuildConfiguration;
			buildSettings = {
				ALWAYS_SEARCH_USER_PATHS = NO;
				CLANG_ANALYZER_NONNULL = YES;
				CLANG_ANALYZER_NUMBER_OBJECT_CONVERSION = YES_AGGRESSIVE;
				CLANG_CXX_LANGUAGE_STANDARD = "gnu++17";
				CLANG_ENABLE_MODULES = YES;
				CLANG_ENABLE_OBJC_ARC = YES;
				CLANG_ENABLE_OBJC_WEAK = YES;
				CLANG_WARN_BLOCK_CAPTURE_AUTORELEASING = YES;
				CLANG_WARN_BOOL_CONVERSION = YES;
				CLANG_WARN_COMMA = YES;
				CLANG_WARN_CONSTANT_CONVERSION = YES;
				CLANG_WARN_DEPRECATED_OBJC_IMPLEMENTATIONS = YES;
				CLANG_WARN_DIRECT_OBJC_ISA_USAGE = YES_ERROR;
				CLANG_WARN_DOCUMENTATION_COMMENTS = YES;
				CLANG_WARN_EMPTY_BODY = YES;
				CLANG_WARN_ENUM_CONVERSION = YES;
				CLANG_WARN_INFINITE_RECURSION = YES;
				CLANG_WARN_INT_CONVERSION = YES;
				CLANG_WARN_NON_LITERAL_NULL_CONVERSION = YES;
				CLANG_WARN_OBJC_IMPLICIT_RETAIN_SELF = YES;
				CLANG_WARN_OBJC_LITERAL_CONVERSION = YES;
				CLANG_WARN_OBJC_ROOT_CLASS = YES_ERROR;
				CLANG_WARN_QUOTED_INCLUDE_IN_FRAMEWORK_HEADER = YES;
				CLANG_WARN_RANGE_LOOP_ANALYSIS = YES;
				CLANG_WARN_STRICT_PROTOTYPES = YES;
				CLANG_WARN_SUSPICIOUS_MOVE = YES;
				CLANG_WARN_UNGUARDED_AVAILABILITY = YES_AGGRESSIVE;
				CLANG_WARN_UNREACHABLE_CODE = YES;
				CLANG_WARN__DUPLICATE_METHOD_MATCH = YES;
				COPY_PHASE_STRIP = NO;
				DEBUG_INFORMATION_FORMAT = "dwarf-with-dsym";
				ENABLE_NS_ASSERTIONS = NO;
				ENABLE_STRICT_OBJC_MSGSEND = YES;
				GCC_C_LANGUAGE_STANDARD = gnu11;
				GCC_NO_COMMON_BLOCKS = YES;
				GCC_WARN_64_TO_32_BIT_CONVERSION = YES;
				GCC_WARN_ABOUT_RETURN_TYPE = YES_ERROR;
				GCC_WARN_UNDECLARED_SELECTOR = YES;
				GCC_WARN_UNINITIALIZED_AUTOS = YES_AGGRESSIVE;
				GCC_WARN_UNUSED_FUNCTION = YES;
				GCC_WARN_UNUSED_VARIABLE = YES;
				IPHONEOS_DEPLOYMENT_TARGET = 15.4;
				MTL_ENABLE_DEBUG_INFO = NO;
				MTL_FAST_MATH = YES;
				SDKROOT = iphoneos;
				SWIFT_COMPILATION_MODE = wholemodule;
				SWIFT_OPTIMIZATION_LEVEL = "-O";
				VALIDATE_PRODUCT = YES;
			};
			name = Release;
		};
		AC892A3827F45223009BEB3E /* Debug */ = {
			isa = XCBuildConfiguration;
			buildSettings = {
				ASSETCATALOG_COMPILER_APPICON_NAME = AppIcon;
				ASSETCATALOG_COMPILER_GLOBAL_ACCENT_COLOR_NAME = AccentColor;
				CODE_SIGN_STYLE = Automatic;
				CURRENT_PROJECT_VERSION = 1;
				DEVELOPMENT_ASSET_PATHS = "\"Fructus/Preview Content\"";
				DEVELOPMENT_TEAM = NJWKSQXR8C;
				ENABLE_PREVIEWS = YES;
				GENERATE_INFOPLIST_FILE = YES;
				INFOPLIST_KEY_UIApplicationSceneManifest_Generation = YES;
				INFOPLIST_KEY_UIApplicationSupportsIndirectInputEvents = YES;
				INFOPLIST_KEY_UILaunchScreen_Generation = YES;
				INFOPLIST_KEY_UISupportedInterfaceOrientations = UIInterfaceOrientationPortrait;
				INFOPLIST_KEY_UISupportedInterfaceOrientations_iPad = "UIInterfaceOrientationPortrait UIInterfaceOrientationPortraitUpsideDown UIInterfaceOrientationLandscapeLeft UIInterfaceOrientationLandscapeRight";
				INFOPLIST_KEY_UISupportedInterfaceOrientations_iPhone = UIInterfaceOrientationPortrait;
				LD_RUNPATH_SEARCH_PATHS = (
					"$(inherited)",
					"@executable_path/Frameworks",
				);
				MARKETING_VERSION = 1.0;
				PRODUCT_BUNDLE_IDENTIFIER = "Alexandre-Narek.Fructus";
				PRODUCT_NAME = "$(TARGET_NAME)";
				SWIFT_EMIT_LOC_STRINGS = YES;
				SWIFT_VERSION = 5.0;
				TARGETED_DEVICE_FAMILY = "1,2";
			};
			name = Debug;
		};
		AC892A3927F45223009BEB3E /* Release */ = {
			isa = XCBuildConfiguration;
			buildSettings = {
				ASSETCATALOG_COMPILER_APPICON_NAME = AppIcon;
				ASSETCATALOG_COMPILER_GLOBAL_ACCENT_COLOR_NAME = AccentColor;
				CODE_SIGN_STYLE = Automatic;
				CURRENT_PROJECT_VERSION = 1;
				DEVELOPMENT_ASSET_PATHS = "\"Fructus/Preview Content\"";
				DEVELOPMENT_TEAM = NJWKSQXR8C;
				ENABLE_PREVIEWS = YES;
				GENERATE_INFOPLIST_FILE = YES;
				INFOPLIST_KEY_UIApplicationSceneManifest_Generation = YES;
				INFOPLIST_KEY_UIApplicationSupportsIndirectInputEvents = YES;
				INFOPLIST_KEY_UILaunchScreen_Generation = YES;
				INFOPLIST_KEY_UISupportedInterfaceOrientations = UIInterfaceOrientationPortrait;
				INFOPLIST_KEY_UISupportedInterfaceOrientations_iPad = "UIInterfaceOrientationPortrait UIInterfaceOrientationPortraitUpsideDown UIInterfaceOrientationLandscapeLeft UIInterfaceOrientationLandscapeRight";
				INFOPLIST_KEY_UISupportedInterfaceOrientations_iPhone = UIInterfaceOrientationPortrait;
				LD_RUNPATH_SEARCH_PATHS = (
					"$(inherited)",
					"@executable_path/Frameworks",
				);
				MARKETING_VERSION = 1.0;
				PRODUCT_BUNDLE_IDENTIFIER = "Alexandre-Narek.Fructus";
				PRODUCT_NAME = "$(TARGET_NAME)";
				SWIFT_EMIT_LOC_STRINGS = YES;
				SWIFT_VERSION = 5.0;
				TARGETED_DEVICE_FAMILY = "1,2";
			};
			name = Release;
		};
/* End XCBuildConfiguration section */

/* Begin XCConfigurationList section */
		AC892A2427F45221009BEB3E /* Build configuration list for PBXProject "Fructus" */ = {
			isa = XCConfigurationList;
			buildConfigurations = (
				AC892A3527F45223009BEB3E /* Debug */,
				AC892A3627F45223009BEB3E /* Release */,
			);
			defaultConfigurationIsVisible = 0;
			defaultConfigurationName = Release;
		};
		AC892A3727F45223009BEB3E /* Build configuration list for PBXNativeTarget "Fructus" */ = {
			isa = XCConfigurationList;
			buildConfigurations = (
				AC892A3827F45223009BEB3E /* Debug */,
				AC892A3927F45223009BEB3E /* Release */,
			);
			defaultConfigurationIsVisible = 0;
			defaultConfigurationName = Release;
		};
/* End XCConfigurationList section */
	};
	rootObject = AC892A2127F45221009BEB3E /* Project object */;
}
